
Microsoft Visual Studio Solution File, Format Version 12.00
# Visual Studio 14
VisualStudioVersion = 14.0.25420.1
MinimumVisualStudioVersion = 10.0.40219.1
Project("{FAE04EC0-301F-11D3-BF4B-00C04F79EFBC}") = "Sunrise.Client", "Sunrise.Client\Sunrise.Client.csproj", "{823D2C0A-1234-4996-952A-25457230BA84}"
EndProject
Project("{2150E333-8FDC-42A3-9474-1A3956D46DE8}") = "Villas", "Villas", "{BAEC446C-BD60-4C04-961F-53CE40618FB0}"
EndProject
Project("{FAE04EC0-301F-11D3-BF4B-00C04F79EFBC}") = "Sunrise.VillaManagement", "Sunrise.VillaManagement\Sunrise.VillaManagement.csproj", "{6D53D740-10BB-4C1C-9CF4-14F82FDED22B}"
EndProject
Project("{2150E333-8FDC-42A3-9474-1A3956D46DE8}") = "SharedKernel", "SharedKernel", "{DBE923A3-4184-488F-A2AD-D1C2604F544F}"
EndProject
Project("{FAE04EC0-301F-11D3-BF4B-00C04F79EFBC}") = "Utilities", "Utilities\Utilities.csproj", "{3AFC0062-C563-4142-BC16-75263E51160D}"
EndProject
Project("{FAE04EC0-301F-11D3-BF4B-00C04F79EFBC}") = "VillaManagement.Test", "VillaManagement.Test\VillaManagement.Test.csproj", "{C5E0AC6C-F86B-4A2C-AA78-29BDD131F4B6}"
EndProject
Project("{2150E333-8FDC-42A3-9474-1A3956D46DE8}") = "Customers", "Customers", "{29004CAA-D86A-4CC4-80C8-0560E0F744FA}"
EndProject
Project("{2150E333-8FDC-42A3-9474-1A3956D46DE8}") = "Contracts", "Contracts", "{7755DCCF-0164-4884-804C-C3898DC251D1}"
EndProject
Project("{2150E333-8FDC-42A3-9474-1A3956D46DE8}") = "MasterFile", "MasterFile", "{E90C77D0-6D62-4543-9818-516B0298F0F9}"
EndProject
Project("{FAE04EC0-301F-11D3-BF4B-00C04F79EFBC}") = "Sunrise.Maintenance", "Sunrise.Maintenance\Sunrise.Maintenance.csproj", "{01863CDC-763A-4D73-AB52-0568E0433DFB}"
EndProject
Project("{FAE04EC0-301F-11D3-BF4B-00C04F79EFBC}") = "TransactionManagement.Test", "TransactionManagement.Test\TransactionManagement.Test.csproj", "{1A4D66E0-A78C-446D-9A06-9E1176732D6A}"
EndProject
Project("{FAE04EC0-301F-11D3-BF4B-00C04F79EFBC}") = "Sunrise.TransactionManagement", "Sunrise.TransactionManagement\Sunrise.TransactionManagement.csproj", "{0ACF1EF5-624B-4155-827A-66A009005FE0}"
EndProject
Project("{FAE04EC0-301F-11D3-BF4B-00C04F79EFBC}") = "Sunrise.TenantManagement", "Sunrise.TenantManagement\Sunrise.TenantManagement.csproj", "{20D970E3-7A53-4CE0-90EB-E95693EDAF09}"
EndProject
Project("{FAE04EC0-301F-11D3-BF4B-00C04F79EFBC}") = "TenantManagement.Test", "TenantManagement.Test\TenantManagement.Test.csproj", "{791738C7-0A51-4352-99D1-BA200C8B8489}"
EndProject
Project("{2150E333-8FDC-42A3-9474-1A3956D46DE8}") = "Notification", "Notification", "{B0B1BAFB-9290-43D8-916A-DC7116DCA7A8}"
EndProject
Project("{FAE04EC0-301F-11D3-BF4B-00C04F79EFBC}") = "ClientNotification.cs", "ClientNotification.cs\ClientNotification.cs.csproj", "{1EF7CD13-DB95-47F0-98A4-284C9C6ED9F1}"
EndProject
Project("{FAE04EC0-301F-11D3-BF4B-00C04F79EFBC}") = "MailNotificationTest", "MailNotificationTest\MailNotificationTest.csproj", "{EE67FA2F-045B-4CB0-B39A-1132D5267EC4}"
EndProject
Global
	GlobalSection(SolutionConfigurationPlatforms) = preSolution
		Debug|Any CPU = Debug|Any CPU
		Release|Any CPU = Release|Any CPU
	EndGlobalSection
	GlobalSection(ProjectConfigurationPlatforms) = postSolution
		{823D2C0A-1234-4996-952A-25457230BA84}.Debug|Any CPU.ActiveCfg = Debug|Any CPU
		{823D2C0A-1234-4996-952A-25457230BA84}.Debug|Any CPU.Build.0 = Debug|Any CPU
		{823D2C0A-1234-4996-952A-25457230BA84}.Release|Any CPU.ActiveCfg = Release|Any CPU
		{823D2C0A-1234-4996-952A-25457230BA84}.Release|Any CPU.Build.0 = Release|Any CPU
		{6D53D740-10BB-4C1C-9CF4-14F82FDED22B}.Debug|Any CPU.ActiveCfg = Debug|Any CPU
		{6D53D740-10BB-4C1C-9CF4-14F82FDED22B}.Debug|Any CPU.Build.0 = Debug|Any CPU
		{6D53D740-10BB-4C1C-9CF4-14F82FDED22B}.Release|Any CPU.ActiveCfg = Release|Any CPU
		{6D53D740-10BB-4C1C-9CF4-14F82FDED22B}.Release|Any CPU.Build.0 = Release|Any CPU
		{3AFC0062-C563-4142-BC16-75263E51160D}.Debug|Any CPU.ActiveCfg = Debug|Any CPU
		{3AFC0062-C563-4142-BC16-75263E51160D}.Debug|Any CPU.Build.0 = Debug|Any CPU
		{3AFC0062-C563-4142-BC16-75263E51160D}.Release|Any CPU.ActiveCfg = Release|Any CPU
		{3AFC0062-C563-4142-BC16-75263E51160D}.Release|Any CPU.Build.0 = Release|Any CPU
		{C5E0AC6C-F86B-4A2C-AA78-29BDD131F4B6}.Debug|Any CPU.ActiveCfg = Debug|Any CPU
		{C5E0AC6C-F86B-4A2C-AA78-29BDD131F4B6}.Debug|Any CPU.Build.0 = Debug|Any CPU
		{C5E0AC6C-F86B-4A2C-AA78-29BDD131F4B6}.Release|Any CPU.ActiveCfg = Release|Any CPU
		{C5E0AC6C-F86B-4A2C-AA78-29BDD131F4B6}.Release|Any CPU.Build.0 = Release|Any CPU
		{01863CDC-763A-4D73-AB52-0568E0433DFB}.Debug|Any CPU.ActiveCfg = Debug|Any CPU
		{01863CDC-763A-4D73-AB52-0568E0433DFB}.Debug|Any CPU.Build.0 = Debug|Any CPU
		{01863CDC-763A-4D73-AB52-0568E0433DFB}.Release|Any CPU.ActiveCfg = Release|Any CPU
		{01863CDC-763A-4D73-AB52-0568E0433DFB}.Release|Any CPU.Build.0 = Release|Any CPU
		{1A4D66E0-A78C-446D-9A06-9E1176732D6A}.Debug|Any CPU.ActiveCfg = Debug|Any CPU
		{1A4D66E0-A78C-446D-9A06-9E1176732D6A}.Debug|Any CPU.Build.0 = Debug|Any CPU
		{1A4D66E0-A78C-446D-9A06-9E1176732D6A}.Release|Any CPU.ActiveCfg = Release|Any CPU
		{1A4D66E0-A78C-446D-9A06-9E1176732D6A}.Release|Any CPU.Build.0 = Release|Any CPU
		{0ACF1EF5-624B-4155-827A-66A009005FE0}.Debug|Any CPU.ActiveCfg = Debug|Any CPU
		{0ACF1EF5-624B-4155-827A-66A009005FE0}.Debug|Any CPU.Build.0 = Debug|Any CPU
		{0ACF1EF5-624B-4155-827A-66A009005FE0}.Release|Any CPU.ActiveCfg = Release|Any CPU
		{0ACF1EF5-624B-4155-827A-66A009005FE0}.Release|Any CPU.Build.0 = Release|Any CPU
		{20D970E3-7A53-4CE0-90EB-E95693EDAF09}.Debug|Any CPU.ActiveCfg = Debug|Any CPU
		{20D970E3-7A53-4CE0-90EB-E95693EDAF09}.Debug|Any CPU.Build.0 = Debug|Any CPU
		{20D970E3-7A53-4CE0-90EB-E95693EDAF09}.Release|Any CPU.ActiveCfg = Release|Any CPU
		{20D970E3-7A53-4CE0-90EB-E95693EDAF09}.Release|Any CPU.Build.0 = Release|Any CPU
		{791738C7-0A51-4352-99D1-BA200C8B8489}.Debug|Any CPU.ActiveCfg = Debug|Any CPU
		{791738C7-0A51-4352-99D1-BA200C8B8489}.Debug|Any CPU.Build.0 = Debug|Any CPU
		{791738C7-0A51-4352-99D1-BA200C8B8489}.Release|Any CPU.ActiveCfg = Release|Any CPU
		{791738C7-0A51-4352-99D1-BA200C8B8489}.Release|Any CPU.Build.0 = Release|Any CPU
		{1EF7CD13-DB95-47F0-98A4-284C9C6ED9F1}.Debug|Any CPU.ActiveCfg = Debug|Any CPU
		{1EF7CD13-DB95-47F0-98A4-284C9C6ED9F1}.Debug|Any CPU.Build.0 = Debug|Any CPU
		{1EF7CD13-DB95-47F0-98A4-284C9C6ED9F1}.Release|Any CPU.ActiveCfg = Release|Any CPU
		{1EF7CD13-DB95-47F0-98A4-284C9C6ED9F1}.Release|Any CPU.Build.0 = Release|Any CPU
		{EE67FA2F-045B-4CB0-B39A-1132D5267EC4}.Debug|Any CPU.ActiveCfg = Debug|Any CPU
		{EE67FA2F-045B-4CB0-B39A-1132D5267EC4}.Debug|Any CPU.Build.0 = Debug|Any CPU
		{EE67FA2F-045B-4CB0-B39A-1132D5267EC4}.Release|Any CPU.ActiveCfg = Release|Any CPU
		{EE67FA2F-045B-4CB0-B39A-1132D5267EC4}.Release|Any CPU.Build.0 = Release|Any CPU
	EndGlobalSection
	GlobalSection(SolutionProperties) = preSolution
		HideSolutionNode = FALSE
	EndGlobalSection
	GlobalSection(NestedProjects) = preSolution
		{6D53D740-10BB-4C1C-9CF4-14F82FDED22B} = {BAEC446C-BD60-4C04-961F-53CE40618FB0}
		{3AFC0062-C563-4142-BC16-75263E51160D} = {DBE923A3-4184-488F-A2AD-D1C2604F544F}
		{C5E0AC6C-F86B-4A2C-AA78-29BDD131F4B6} = {BAEC446C-BD60-4C04-961F-53CE40618FB0}
		{01863CDC-763A-4D73-AB52-0568E0433DFB} = {E90C77D0-6D62-4543-9818-516B0298F0F9}
		{1A4D66E0-A78C-446D-9A06-9E1176732D6A} = {7755DCCF-0164-4884-804C-C3898DC251D1}
		{0ACF1EF5-624B-4155-827A-66A009005FE0} = {7755DCCF-0164-4884-804C-C3898DC251D1}
		{20D970E3-7A53-4CE0-90EB-E95693EDAF09} = {29004CAA-D86A-4CC4-80C8-0560E0F744FA}
		{791738C7-0A51-4352-99D1-BA200C8B8489} = {29004CAA-D86A-4CC4-80C8-0560E0F744FA}
		{1EF7CD13-DB95-47F0-98A4-284C9C6ED9F1} = {B0B1BAFB-9290-43D8-916A-DC7116DCA7A8}
		{EE67FA2F-045B-4CB0-B39A-1132D5267EC4} = {B0B1BAFB-9290-43D8-916A-DC7116DCA7A8}
	EndGlobalSection
EndGlobal
